<?xml version="1.0" encoding="UTF-8"?>
<CONFIG>
  <ProjectOptions>
    <Version Value="10"/>
    <PathDelim Value="\"/>
    <General>
      <Flags>
        <MainUnitHasCreateFormStatements Value="False"/>
        <MainUnitHasTitleStatement Value="False"/>
      </Flags>
      <MainUnit Value="0"/>
      <ResourceType Value="res"/>
      <UseXPManifest Value="True"/>
      <Icon Value="0"/>
    </General>
    <i18n>
      <EnableI18N LFM="False"/>
    </i18n>
    <BuildModes Count="1" Active="Default">
      <Item1 Name="Default" Default="True"/>
    </BuildModes>
    <PublishOptions>
      <Version Value="2"/>
      <IncludeFileFilter Value="*.(pas|pp|inc|lfm|lpr|lrs|lpi|lpk|sh|xml)"/>
      <ExcludeFileFilter Value="*.(bak|ppu|o|so);*~;backup"/>
    </PublishOptions>
    <RunParams>
      <local>
        <FormatVersion Value="1"/>
      </local>
    </RunParams>
    <Units Count="9">
      <Unit0>
        <Filename Value="project1.lpr"/>
        <IsPartOfProject Value="True"/>
        <TopLine Value="17"/>
        <CursorPos X="53" Y="32"/>
        <UsageCount Value="26"/>
        <Loaded Value="True"/>
      </Unit0>
      <Unit1>
        <Filename Value="E:\[SDK]\Gen2MP\Gen2MP.pas"/>
        <EditorIndex Value="-1"/>
        <TopLine Value="4365"/>
        <CursorPos X="3" Y="4370"/>
        <UsageCount Value="11"/>
      </Unit1>
      <Unit2>
        <Filename Value="E:\[SDK]\Gen2MP\G2Math.pas"/>
        <EditorIndex Value="-1"/>
        <UsageCount Value="11"/>
      </Unit2>
      <Unit3>
        <Filename Value="E:\[SDK]\Gen2MP\G2OpenGL.pas"/>
        <EditorIndex Value="-1"/>
        <TopLine Value="3123"/>
        <CursorPos X="3" Y="2705"/>
        <UsageCount Value="11"/>
      </Unit3>
      <Unit4>
        <Filename Value="E:\[SDK]\Gen2MP\Gen2MP.inc"/>
        <UsageCount Value="10"/>
      </Unit4>
      <Unit5>
        <Filename Value="..\Common\LabMath.pas"/>
        <EditorIndex Value="4"/>
        <CursorPos X="56" Y="21"/>
        <UsageCount Value="12"/>
        <Loaded Value="True"/>
      </Unit5>
      <Unit6>
        <Filename Value="..\Common\LabColladaParser.pas"/>
        <IsVisibleTab Value="True"/>
        <EditorIndex Value="3"/>
        <TopLine Value="337"/>
        <CursorPos X="91" Y="354"/>
        <UsageCount Value="12"/>
        <Loaded Value="True"/>
      </Unit6>
      <Unit7>
        <Filename Value="C:\lazarus\fpc\3.0.4\source\rtl\win\wininc\func.inc"/>
        <EditorIndex Value="2"/>
        <TopLine Value="131"/>
        <CursorPos X="11" Y="147"/>
        <UsageCount Value="12"/>
        <Loaded Value="True"/>
      </Unit7>
      <Unit8>
        <Filename Value="C:\lazarus\fpc\3.0.4\source\packages\opengl\src\gl.pp"/>
        <UnitName Value="GL"/>
        <EditorIndex Value="1"/>
        <TopLine Value="129"/>
        <CursorPos X="3" Y="145"/>
        <UsageCount Value="11"/>
        <Loaded Value="True"/>
      </Unit8>
    </Units>
    <JumpHistory Count="23" HistoryIndex="22">
      <Position1>
        <Filename Value="..\Common\LabColladaParser.pas"/>
        <Caret Line="813" Column="19" TopLine="792"/>
      </Position1>
      <Position2>
        <Filename Value="..\Common\LabColladaParser.pas"/>
        <Caret Line="346" Column="16" TopLine="331"/>
      </Position2>
      <Position3>
        <Filename Value="..\Common\LabColladaParser.pas"/>
        <Caret Line="788" Column="43" TopLine="774"/>
      </Position3>
      <Position4>
        <Filename Value="..\Common\LabColladaParser.pas"/>
        <Caret Line="340" Column="20" TopLine="328"/>
      </Position4>
      <Position5>
        <Filename Value="..\Common\LabColladaParser.pas"/>
        <Caret Line="352" Column="20" TopLine="327"/>
      </Position5>
      <Position6>
        <Filename Value="..\Common\LabColladaParser.pas"/>
        <Caret Line="785" Column="38" TopLine="765"/>
      </Position6>
      <Position7>
        <Filename Value="..\Common\LabColladaParser.pas"/>
        <Caret Line="346" Column="24" TopLine="324"/>
      </Position7>
      <Position8>
        <Filename Value="..\Common\LabColladaParser.pas"/>
        <Caret Line="341" Column="16" TopLine="324"/>
      </Position8>
      <Position9>
        <Filename Value="..\Common\LabColladaParser.pas"/>
        <Caret Line="804" Column="38" TopLine="794"/>
      </Position9>
      <Position10>
        <Filename Value="..\Common\LabColladaParser.pas"/>
        <Caret Line="365" Column="22" TopLine="336"/>
      </Position10>
      <Position11>
        <Filename Value="..\Common\LabColladaParser.pas"/>
        <Caret Line="860" Column="17" TopLine="840"/>
      </Position11>
      <Position12>
        <Filename Value="..\Common\LabColladaParser.pas"/>
        <Caret Line="365" Column="16" TopLine="350"/>
      </Position12>
      <Position13>
        <Filename Value="..\Common\LabColladaParser.pas"/>
        <Caret Line="849" Column="72" TopLine="822"/>
      </Position13>
      <Position14>
        <Filename Value="..\Common\LabColladaParser.pas"/>
        <Caret Line="343" Column="24" TopLine="323"/>
      </Position14>
      <Position15>
        <Filename Value="..\Common\LabColladaParser.pas"/>
        <Caret Line="808" Column="15" TopLine="793"/>
      </Position15>
      <Position16>
        <Filename Value="..\Common\LabColladaParser.pas"/>
        <Caret Line="344" Column="16" TopLine="328"/>
      </Position16>
      <Position17>
        <Filename Value="..\Common\LabColladaParser.pas"/>
        <Caret Line="807" Column="3" TopLine="805"/>
      </Position17>
      <Position18>
        <Filename Value="..\Common\LabColladaParser.pas"/>
        <Caret Line="343" Column="16" TopLine="328"/>
      </Position18>
      <Position19>
        <Filename Value="..\Common\LabColladaParser.pas"/>
        <Caret Line="809" Column="58" TopLine="790"/>
      </Position19>
      <Position20>
        <Filename Value="..\Common\LabColladaParser.pas"/>
        <Caret Line="343" Column="17" TopLine="327"/>
      </Position20>
      <Position21>
        <Filename Value="..\Common\LabColladaParser.pas"/>
        <Caret Line="809" Column="30" TopLine="793"/>
      </Position21>
      <Position22>
        <Filename Value="..\Common\LabColladaParser.pas"/>
        <Caret Line="353" Column="17" TopLine="335"/>
      </Position22>
      <Position23>
        <Filename Value="..\Common\LabColladaParser.pas"/>
        <Caret Line="831" Column="44" TopLine="824"/>
      </Position23>
    </JumpHistory>
  </ProjectOptions>
  <CompilerOptions>
    <Version Value="11"/>
    <PathDelim Value="\"/>
    <Target>
      <Filename Value="project1"/>
    </Target>
    <SearchPaths>
      <IncludeFiles Value="$(ProjOutDir)"/>
      <OtherUnitFiles Value="..\Common;.."/>
      <UnitOutputDirectory Value="lib\$(TargetCPU)-$(TargetOS)"/>
    </SearchPaths>
  </CompilerOptions>
  <Debugging>
    <Watches Count="4">
      <Item1 RepeatCount="10">
        <Expression Value="DebugBreak"/>
      </Item1>
      <Item2>
        <Expression Value="n"/>
      </Item2>
      <Item3 RepeatCount="10">
        <Expression Value="t"/>
      </Item3>
      <Item4 RepeatCount="36">
        <Expression Value="t._INDICES"/>
      </Item4>
    </Watches>
    <Exceptions Count="3">
      <Item1>
        <Name Value="EAbort"/>
      </Item1>
      <Item2>
        <Name Value="ECodetoolError"/>
      </Item2>
      <Item3>
        <Name Value="EFOpenError"/>
      </Item3>
    </Exceptions>
  </Debugging>
</CONFIG>
